
Microsoft Visual Studio Solution File, Format Version 12.00
# Visual Studio Version 17
VisualStudioVersion = 17.11.35312.102
MinimumVisualStudioVersion = 10.0.40219.1
Project("{9A19103F-16F7-4668-BE54-9A1E7A4F7556}") = "Lab2", "Lab2\Lab2.csproj", "{DA3DA74F-6E84-476B-A8C4-3E6544FFC857}"
EndProject
Project("{2150E333-8FDC-42A3-9474-1A3956D46DE8}") = "Элементы решения", "Элементы решения", "{871D8FF4-CF07-4ABD-877F-96154AE29983}"
EndProject
Global
	GlobalSection(SolutionConfigurationPlatforms) = preSolution
		Debug|Any CPU = Debug|Any CPU
		Release|Any CPU = Release|Any CPU
	EndGlobalSection
	GlobalSection(ProjectConfigurationPlatforms) = postSolution
		{DA3DA74F-6E84-476B-A8C4-3E6544FFC857}.Debug|Any CPU.ActiveCfg = Debug|Any CPU
		{DA3DA74F-6E84-476B-A8C4-3E6544FFC857}.Debug|Any CPU.Build.0 = Debug|Any CPU
		{DA3DA74F-6E84-476B-A8C4-3E6544FFC857}.Release|Any CPU.ActiveCfg = Release|Any CPU
		{DA3DA74F-6E84-476B-A8C4-3E6544FFC857}.Release|Any CPU.Build.0 = Release|Any CPU
	EndGlobalSection
	GlobalSection(SolutionProperties) = preSolution
		HideSolutionNode = FALSE
	EndGlobalSection
	GlobalSection(ExtensibilityGlobals) = postSolution
		SolutionGuid = {616B8C28-B313-44DB-923B-1277E26E7D9A}
	EndGlobalSection
EndGlobal
